<?xml version="1.0" encoding="utf-8"?>
<Project ToolsVersion="4.0" xmlns="http://schemas.microsoft.com/developer/msbuild/2003">
  <ItemGroup>
    <Filter Include="源文件">
      <UniqueIdentifier>{4FC737F1-C7A5-4376-A066-2A32D752A2FF}</UniqueIdentifier>
      <Extensions>cpp;c;cc;cxx;def;odl;idl;hpj;bat;asm;asmx</Extensions>
    </Filter>
    <Filter Include="头文件">
      <UniqueIdentifier>{93995380-89BD-4b04-88EB-625FBE52EBFB}</UniqueIdentifier>
      <Extensions>h;hh;hpp;hxx;hm;inl;inc;xsd</Extensions>
    </Filter>
    <Filter Include="资源文件">
      <UniqueIdentifier>{67DA6AB6-F800-4c08-8B7A-83BB121AAD01}</UniqueIdentifier>
      <Extensions>rc;ico;cur;bmp;dlg;rc2;rct;bin;rgs;gif;jpg;jpeg;jpe;resx;tiff;tif;png;wav;mfcribbon-ms</Extensions>
    </Filter>
    <Filter Include="Imported Libraries">
      <UniqueIdentifier>{58772361-14cc-467c-805f-c4703f604703}</UniqueIdentifier>
      <Extensions>lib;dll</Extensions>
    </Filter>
    <Filter Include="源文件\Game">
      <UniqueIdentifier>{0157f0a8-5065-4e76-b53f-16d84b705df9}</UniqueIdentifier>
    </Filter>
    <Filter Include="源文件\Game\SDLEx">
      <UniqueIdentifier>{338cc6aa-92a5-4269-a70c-7dc096145e7f}</UniqueIdentifier>
    </Filter>
    <Filter Include="源文件\Game\SDLEx\Vulkan">
      <UniqueIdentifier>{31ed7be2-3a95-4ffd-8934-33a067340674}</UniqueIdentifier>
    </Filter>
  </ItemGroup>
  <ItemGroup>
    <ClInclude Include="VCSDL\include\begin_code.h">
      <Filter>头文件</Filter>
    </ClInclude>
    <ClInclude Include="VCSDL\include\close_code.h">
      <Filter>头文件</Filter>
    </ClInclude>
    <ClInclude Include="VCSDL\include\SDL.h">
      <Filter>头文件</Filter>
    </ClInclude>
    <ClInclude Include="VCSDL\include\SDL_assert.h">
      <Filter>头文件</Filter>
    </ClInclude>
    <ClInclude Include="VCSDL\include\SDL_atomic.h">
      <Filter>头文件</Filter>
    </ClInclude>
    <ClInclude Include="VCSDL\include\SDL_audio.h">
      <Filter>头文件</Filter>
    </ClInclude>
    <ClInclude Include="VCSDL\include\SDL_bits.h">
      <Filter>头文件</Filter>
    </ClInclude>
    <ClInclude Include="VCSDL\include\SDL_blendmode.h">
      <Filter>头文件</Filter>
    </ClInclude>
    <ClInclude Include="VCSDL\include\SDL_clipboard.h">
      <Filter>头文件</Filter>
    </ClInclude>
    <ClInclude Include="VCSDL\include\SDL_config.h">
      <Filter>头文件</Filter>
    </ClInclude>
    <ClInclude Include="VCSDL\include\SDL_config_android.h">
      <Filter>头文件</Filter>
    </ClInclude>
    <ClInclude Include="VCSDL\include\SDL_config_iphoneos.h">
      <Filter>头文件</Filter>
    </ClInclude>
    <ClInclude Include="VCSDL\include\SDL_config_macosx.h">
      <Filter>头文件</Filter>
    </ClInclude>
    <ClInclude Include="VCSDL\include\SDL_config_minimal.h">
      <Filter>头文件</Filter>
    </ClInclude>
    <ClInclude Include="VCSDL\include\SDL_config_pandora.h">
      <Filter>头文件</Filter>
    </ClInclude>
    <ClInclude Include="VCSDL\include\SDL_config_psp.h">
      <Filter>头文件</Filter>
    </ClInclude>
    <ClInclude Include="VCSDL\include\SDL_config_windows.h">
      <Filter>头文件</Filter>
    </ClInclude>
    <ClInclude Include="VCSDL\include\SDL_config_winrt.h">
      <Filter>头文件</Filter>
    </ClInclude>
    <ClInclude Include="VCSDL\include\SDL_config_wiz.h">
      <Filter>头文件</Filter>
    </ClInclude>
    <ClInclude Include="VCSDL\include\SDL_copying.h">
      <Filter>头文件</Filter>
    </ClInclude>
    <ClInclude Include="VCSDL\include\SDL_cpuinfo.h">
      <Filter>头文件</Filter>
    </ClInclude>
    <ClInclude Include="VCSDL\include\SDL_egl.h">
      <Filter>头文件</Filter>
    </ClInclude>
    <ClInclude Include="VCSDL\include\SDL_endian.h">
      <Filter>头文件</Filter>
    </ClInclude>
    <ClInclude Include="VCSDL\include\SDL_error.h">
      <Filter>头文件</Filter>
    </ClInclude>
    <ClInclude Include="VCSDL\include\SDL_events.h">
      <Filter>头文件</Filter>
    </ClInclude>
    <ClInclude Include="VCSDL\include\SDL_filesystem.h">
      <Filter>头文件</Filter>
    </ClInclude>
    <ClInclude Include="VCSDL\include\SDL_gamecontroller.h">
      <Filter>头文件</Filter>
    </ClInclude>
    <ClInclude Include="VCSDL\include\SDL_gesture.h">
      <Filter>头文件</Filter>
    </ClInclude>
    <ClInclude Include="VCSDL\include\SDL_haptic.h">
      <Filter>头文件</Filter>
    </ClInclude>
    <ClInclude Include="VCSDL\include\SDL_hints.h">
      <Filter>头文件</Filter>
    </ClInclude>
    <ClInclude Include="VCSDL\include\SDL_joystick.h">
      <Filter>头文件</Filter>
    </ClInclude>
    <ClInclude Include="VCSDL\include\SDL_keyboard.h">
      <Filter>头文件</Filter>
    </ClInclude>
    <ClInclude Include="VCSDL\include\SDL_keycode.h">
      <Filter>头文件</Filter>
    </ClInclude>
    <ClInclude Include="VCSDL\include\SDL_loadso.h">
      <Filter>头文件</Filter>
    </ClInclude>
    <ClInclude Include="VCSDL\include\SDL_log.h">
      <Filter>头文件</Filter>
    </ClInclude>
    <ClInclude Include="VCSDL\include\SDL_main.h">
      <Filter>头文件</Filter>
    </ClInclude>
    <ClInclude Include="VCSDL\include\SDL_messagebox.h">
      <Filter>头文件</Filter>
    </ClInclude>
    <ClInclude Include="VCSDL\include\SDL_mouse.h">
      <Filter>头文件</Filter>
    </ClInclude>
    <ClInclude Include="VCSDL\include\SDL_mutex.h">
      <Filter>头文件</Filter>
    </ClInclude>
    <ClInclude Include="VCSDL\include\SDL_name.h">
      <Filter>头文件</Filter>
    </ClInclude>
    <ClInclude Include="VCSDL\include\SDL_opengl.h">
      <Filter>头文件</Filter>
    </ClInclude>
    <ClInclude Include="VCSDL\include\SDL_opengles.h">
      <Filter>头文件</Filter>
    </ClInclude>
    <ClInclude Include="VCSDL\include\SDL_opengles2.h">
      <Filter>头文件</Filter>
    </ClInclude>
    <ClInclude Include="VCSDL\include\SDL_opengles2_gl2.h">
      <Filter>头文件</Filter>
    </ClInclude>
    <ClInclude Include="VCSDL\include\SDL_opengles2_gl2ext.h">
      <Filter>头文件</Filter>
    </ClInclude>
    <ClInclude Include="VCSDL\include\SDL_opengles2_gl2platform.h">
      <Filter>头文件</Filter>
    </ClInclude>
    <ClInclude Include="VCSDL\include\SDL_opengles2_khrplatform.h">
      <Filter>头文件</Filter>
    </ClInclude>
    <ClInclude Include="VCSDL\include\SDL_opengl_glext.h">
      <Filter>头文件</Filter>
    </ClInclude>
    <ClInclude Include="VCSDL\include\SDL_pixels.h">
      <Filter>头文件</Filter>
    </ClInclude>
    <ClInclude Include="VCSDL\include\SDL_platform.h">
      <Filter>头文件</Filter>
    </ClInclude>
    <ClInclude Include="VCSDL\include\SDL_power.h">
      <Filter>头文件</Filter>
    </ClInclude>
    <ClInclude Include="VCSDL\include\SDL_quit.h">
      <Filter>头文件</Filter>
    </ClInclude>
    <ClInclude Include="VCSDL\include\SDL_rect.h">
      <Filter>头文件</Filter>
    </ClInclude>
    <ClInclude Include="VCSDL\include\SDL_render.h">
      <Filter>头文件</Filter>
    </ClInclude>
    <ClInclude Include="VCSDL\include\SDL_revision.h">
      <Filter>头文件</Filter>
    </ClInclude>
    <ClInclude Include="VCSDL\include\SDL_rwops.h">
      <Filter>头文件</Filter>
    </ClInclude>
    <ClInclude Include="VCSDL\include\SDL_scancode.h">
      <Filter>头文件</Filter>
    </ClInclude>
    <ClInclude Include="VCSDL\include\SDL_sensor.h">
      <Filter>头文件</Filter>
    </ClInclude>
    <ClInclude Include="VCSDL\include\SDL_shape.h">
      <Filter>头文件</Filter>
    </ClInclude>
    <ClInclude Include="VCSDL\include\SDL_stdinc.h">
      <Filter>头文件</Filter>
    </ClInclude>
    <ClInclude Include="VCSDL\include\SDL_surface.h">
      <Filter>头文件</Filter>
    </ClInclude>
    <ClInclude Include="VCSDL\include\SDL_system.h">
      <Filter>头文件</Filter>
    </ClInclude>
    <ClInclude Include="VCSDL\include\SDL_syswm.h">
      <Filter>头文件</Filter>
    </ClInclude>
    <ClInclude Include="VCSDL\include\SDL_test.h">
      <Filter>头文件</Filter>
    </ClInclude>
    <ClInclude Include="VCSDL\include\SDL_test_assert.h">
      <Filter>头文件</Filter>
    </ClInclude>
    <ClInclude Include="VCSDL\include\SDL_test_common.h">
      <Filter>头文件</Filter>
    </ClInclude>
    <ClInclude Include="VCSDL\include\SDL_test_compare.h">
      <Filter>头文件</Filter>
    </ClInclude>
    <ClInclude Include="VCSDL\include\SDL_test_crc32.h">
      <Filter>头文件</Filter>
    </ClInclude>
    <ClInclude Include="VCSDL\include\SDL_test_font.h">
      <Filter>头文件</Filter>
    </ClInclude>
    <ClInclude Include="VCSDL\include\SDL_test_fuzzer.h">
      <Filter>头文件</Filter>
    </ClInclude>
    <ClInclude Include="VCSDL\include\SDL_test_harness.h">
      <Filter>头文件</Filter>
    </ClInclude>
    <ClInclude Include="VCSDL\include\SDL_test_images.h">
      <Filter>头文件</Filter>
    </ClInclude>
    <ClInclude Include="VCSDL\include\SDL_test_log.h">
      <Filter>头文件</Filter>
    </ClInclude>
    <ClInclude Include="VCSDL\include\SDL_test_md5.h">
      <Filter>头文件</Filter>
    </ClInclude>
    <ClInclude Include="VCSDL\include\SDL_test_memory.h">
      <Filter>头文件</Filter>
    </ClInclude>
    <ClInclude Include="VCSDL\include\SDL_test_random.h">
      <Filter>头文件</Filter>
    </ClInclude>
    <ClInclude Include="VCSDL\include\SDL_thread.h">
      <Filter>头文件</Filter>
    </ClInclude>
    <ClInclude Include="VCSDL\include\SDL_timer.h">
      <Filter>头文件</Filter>
    </ClInclude>
    <ClInclude Include="VCSDL\include\SDL_touch.h">
      <Filter>头文件</Filter>
    </ClInclude>
    <ClInclude Include="VCSDL\include\SDL_types.h">
      <Filter>头文件</Filter>
    </ClInclude>
    <ClInclude Include="VCSDL\include\SDL_version.h">
      <Filter>头文件</Filter>
    </ClInclude>
    <ClInclude Include="VCSDL\include\SDL_video.h">
      <Filter>头文件</Filter>
    </ClInclude>
    <ClInclude Include="VCSDL\include\SDL_vulkan.h">
      <Filter>头文件</Filter>
    </ClInclude>
    <ClInclude Include="VCSDL\include\SDL_image.h">
      <Filter>头文件</Filter>
    </ClInclude>
    <ClInclude Include="VCSDL\include\SDL_ttf.h">
      <Filter>头文件</Filter>
    </ClInclude>
    <ClInclude Include="Game\SDLEx\ImageUtils.h">
      <Filter>源文件\Game\SDLEx</Filter>
    </ClInclude>
    <ClInclude Include="Game\SDLEx\SDLWithPlugins.h">
      <Filter>源文件\Game\SDLEx</Filter>
    </ClInclude>
    <ClInclude Include="Game\Constants.h">
      <Filter>源文件\Game</Filter>
    </ClInclude>
    <ClInclude Include="Game\SDLEx\RenderUtils.h">
      <Filter>源文件\Game\SDLEx</Filter>
    </ClInclude>
    <ClInclude Include="Game\SDLEx\MathUtils.h">
      <Filter>源文件\Game\SDLEx</Filter>
    </ClInclude>
    <ClInclude Include="Game\SDLEx\Vulkan\SDLExVulkan.h">
      <Filter>源文件\Game\SDLEx\Vulkan</Filter>
    </ClInclude>
    <ClInclude Include="Game\SDLEx\FileUtils.h">
      <Filter>源文件\Game\SDLEx</Filter>
    </ClInclude>
  </ItemGroup>
  <ItemGroup>
    <ClCompile Include="Game\EntryPoint.c">
      <Filter>源文件\Game</Filter>
    </ClCompile>
    <ClCompile Include="Game\SDLEx\ImageUtils.c">
      <Filter>源文件\Game\SDLEx</Filter>
    </ClCompile>
    <ClCompile Include="Game\SDLEx\RenderUtils.c">
      <Filter>源文件\Game\SDLEx</Filter>
    </ClCompile>
    <ClCompile Include="Game\SDLEx\Vulkan\SDLExVulkanInstance.c">
      <Filter>源文件\Game\SDLEx\Vulkan</Filter>
    </ClCompile>
    <ClCompile Include="Game\SDLEx\Vulkan\SDLExVulkanPipeline.c">
      <Filter>源文件\Game\SDLEx\Vulkan</Filter>
    </ClCompile>
    <ClCompile Include="Game\SDLEx\FileUtils.c">
      <Filter>源文件\Game\SDLEx</Filter>
    </ClCompile>
    <ClCompile Include="Game\SDLEx\Vulkan\SDLExVulkanFrameBuffer.c">
      <Filter>源文件\Game\SDLEx\Vulkan</Filter>
    </ClCompile>
  </ItemGroup>
  <ItemGroup>
    <Library Include="VCSDL\lib\win32\SDL2.lib">
      <Filter>Imported Libraries</Filter>
    </Library>
    <Library Include="VCSDL\lib\win32\SDL2main.lib">
      <Filter>Imported Libraries</Filter>
    </Library>
    <Library Include="VCSDL\lib\win32\SDL2_image.lib">
      <Filter>Imported Libraries</Filter>
    </Library>
    <Library Include="VCSDL\lib\win32\SDL2_ttf.lib">
      <Filter>Imported Libraries</Filter>
    </Library>
    <Library Include="..\..\VulkanSDK\1.1.82.1\Lib32\vulkan-1.lib">
      <Filter>Imported Libraries</Filter>
    </Library>
  </ItemGroup>
</Project>